
Microsoft Visual Studio Solution File, Format Version 12.00
# Visual Studio Version 17
VisualStudioVersion = 17.5.002.0
MinimumVisualStudioVersion = 10.0.40219.1
Project("{9A19103F-16F7-4668-BE54-9A1E7A4F7556}") = "iParking.API", "iParking.API.csproj", "{D0AD036F-0C54-4754-84C2-53D5A31E31F5}"
EndProject
Global
	GlobalSection(SolutionConfigurationPlatforms) = preSolution
		Debug|Any CPU = Debug|Any CPU
		Release|Any CPU = Release|Any CPU
	EndGlobalSection
	GlobalSection(ProjectConfigurationPlatforms) = postSolution
		{D0AD036F-0C54-4754-84C2-53D5A31E31F5}.Debug|Any CPU.ActiveCfg = Debug|Any CPU
		{D0AD036F-0C54-4754-84C2-53D5A31E31F5}.Debug|Any CPU.Build.0 = Debug|Any CPU
		{D0AD036F-0C54-4754-84C2-53D5A31E31F5}.Release|Any CPU.ActiveCfg = Release|Any CPU
		{D0AD036F-0C54-4754-84C2-53D5A31E31F5}.Release|Any CPU.Build.0 = Release|Any CPU
	EndGlobalSection
	GlobalSection(SolutionProperties) = preSolution
		HideSolutionNode = FALSE
	EndGlobalSection
	GlobalSection(ExtensibilityGlobals) = postSolution
		SolutionGuid = {BA2CC9DA-773D-41CC-800E-3406114A3838}
	EndGlobalSection
EndGlobal
